{
  "name": "glitch-mvp-node",
  "version": "0.0.1",
  "lockfileVersion": 1,
  "requires": true,
  "dependencies": {
    "dotenv": {
      "version": "16.0.0",
      "resolved": "https://registry.npmjs.org/dotenv/-/dotenv-16.0.0.tgz",
      "integrity": "sha512-qD9WU0MPM4SWLPJy/r2Be+2WgQj8plChsyrCNQzW/0WjvcJQiKQJ9mH3ZgB3fxbUUxgc/11ZJ0Fi5KiimWGz2Q=="
    },
    "fastify": {
      "version": "3.27.4",
      "requires": {
        "@fastify/ajv-compiler": "^1.0.0",
        "abstract-logging": "^2.0.0",
        "avvio": "^7.1.2",
        "fast-json-stringify": "^2.5.2",
        "fastify-error": "^0.3.0",
        "find-my-way": "^4.5.0",
        "flatstr": "^1.0.12",
        "light-my-request": "^4.2.0",
        "pino": "^6.13.0",
        "process-warning": "^1.0.0",
        "proxy-addr": "^2.0.7",
        "rfdc": "^1.1.4",
        "secure-json-parse": "^2.0.0",
        "semver": "^7.3.2",
        "tiny-lru": "^8.0.1"
      }
    },
    "fastify-formbody": {
      "version": "5.2.0",
      "requires": {
        "fastify-plugin": "^3.0.0"
      }
    },
    "fastify-static": {
      "version": "4.5.0",
      "requires": {
        "content-disposition": "^0.5.3",
        "encoding-negotiator": "^2.0.1",
        "fastify-plugin": "^3.0.0",
        "glob": "^7.1.4",
        "p-limit": "^3.1.0",
        "readable-stream": "^3.4.0",
        "send": "^0.17.1"
      }
    },
    "handlebars": {
      "version": "4.7.7",
      "requires": {
        "minimist": "^1.2.5",
        "neo-async": "^2.6.0",
        "source-map": "^0.6.1",
        "uglify-js": "^3.1.4",
        "wordwrap": "^1.0.0"
      }
    },
    "point-of-view": {
      "version": "5.1.0",
      "requires": {
        "fastify-plugin": "^3.0.0",
        "hashlru": "^2.3.0"
      }
    }
  }
}
